
Microsoft Visual Studio Solution File, Format Version 12.00
# Visual Studio Version 17
VisualStudioVersion = 17.3.32929.385
MinimumVisualStudioVersion = 10.0.40219.1
Project("{9A19103F-16F7-4668-BE54-9A1E7A4F7556}") = "AppAPI", "AppAPI\AppAPI.csproj", "{350CEA87-9A08-42EB-A005-9CED7F4E78BA}"
EndProject
Project("{9A19103F-16F7-4668-BE54-9A1E7A4F7556}") = "AppClient", "AppClient\AppClient.csproj", "{76D0B0CF-8A56-49B8-B4A4-20FC66261D3E}"
EndProject
Project("{9A19103F-16F7-4668-BE54-9A1E7A4F7556}") = "AppData", "AppData\AppData.csproj", "{1252CBCF-2398-4C1A-9725-0E0F4BD57DFA}"
EndProject
Global
	GlobalSection(SolutionConfigurationPlatforms) = preSolution
		Debug|Any CPU = Debug|Any CPU
		Release|Any CPU = Release|Any CPU
	EndGlobalSection
	GlobalSection(ProjectConfigurationPlatforms) = postSolution
		{350CEA87-9A08-42EB-A005-9CED7F4E78BA}.Debug|Any CPU.ActiveCfg = Debug|Any CPU
		{350CEA87-9A08-42EB-A005-9CED7F4E78BA}.Debug|Any CPU.Build.0 = Debug|Any CPU
		{350CEA87-9A08-42EB-A005-9CED7F4E78BA}.Release|Any CPU.ActiveCfg = Release|Any CPU
		{350CEA87-9A08-42EB-A005-9CED7F4E78BA}.Release|Any CPU.Build.0 = Release|Any CPU
		{76D0B0CF-8A56-49B8-B4A4-20FC66261D3E}.Debug|Any CPU.ActiveCfg = Debug|Any CPU
		{76D0B0CF-8A56-49B8-B4A4-20FC66261D3E}.Debug|Any CPU.Build.0 = Debug|Any CPU
		{76D0B0CF-8A56-49B8-B4A4-20FC66261D3E}.Release|Any CPU.ActiveCfg = Release|Any CPU
		{76D0B0CF-8A56-49B8-B4A4-20FC66261D3E}.Release|Any CPU.Build.0 = Release|Any CPU
		{1252CBCF-2398-4C1A-9725-0E0F4BD57DFA}.Debug|Any CPU.ActiveCfg = Debug|Any CPU
		{1252CBCF-2398-4C1A-9725-0E0F4BD57DFA}.Debug|Any CPU.Build.0 = Debug|Any CPU
		{1252CBCF-2398-4C1A-9725-0E0F4BD57DFA}.Release|Any CPU.ActiveCfg = Release|Any CPU
		{1252CBCF-2398-4C1A-9725-0E0F4BD57DFA}.Release|Any CPU.Build.0 = Release|Any CPU
	EndGlobalSection
	GlobalSection(SolutionProperties) = preSolution
		HideSolutionNode = FALSE
	EndGlobalSection
	GlobalSection(ExtensibilityGlobals) = postSolution
		SolutionGuid = {8DFBAEC7-62D9-434A-AF0F-60782B3F7D4D}
	EndGlobalSection
EndGlobal
